
Microsoft Visual Studio Solution File, Format Version 12.00
# Visual Studio Express 2012 for Windows Desktop
Project("{FAE04EC0-301F-11D3-BF4B-00C04F79EFBC}") = "1.UserName", "1.UserName\1.UserName.csproj", "{F91522BD-7CD3-4A09-9B07-69662CD057D6}"
EndProject
Project("{FAE04EC0-301F-11D3-BF4B-00C04F79EFBC}") = "2.MethodGetMax", "2.MethodGetMax\2.MethodGetMax.csproj", "{F2E69FA9-3044-4AF5-AC6E-D1CAF99C0609}"
EndProject
Project("{FAE04EC0-301F-11D3-BF4B-00C04F79EFBC}") = "3.LastDigitAsEnglishWord", "3.LastDigitAsEnglishWord\3.LastDigitAsEnglishWord.csproj", "{7346D467-AD60-422A-87F5-3ABC43783DE0}"
EndProject
Project("{FAE04EC0-301F-11D3-BF4B-00C04F79EFBC}") = "4.HowMenyTimeNumberInArray", "4.HowMenyTimeNumberInArray\4.HowMenyTimeNumberInArray.csproj", "{51B9A6E4-E286-4DE7-8F39-65D3B02DCF73}"
EndProject
Project("{FAE04EC0-301F-11D3-BF4B-00C04F79EFBC}") = "5.ElementsInArrayAndItsNeighbors", "5.ElementsInArrayAndItsNeighbors\5.ElementsInArrayAndItsNeighbors.csproj", "{25D12103-8F75-4793-A2BF-D97065F2F11E}"
EndProject
Project("{FAE04EC0-301F-11D3-BF4B-00C04F79EFBC}") = "6.FirstElementInArrayBiggerThanItsNeigbour", "6.FirstElementInArrayBiggerThanItsNeigbour\6.FirstElementInArrayBiggerThanItsNeigbour.csproj", "{428BEA53-CC35-4C3A-AD73-C876C09B5E66}"
EndProject
Project("{FAE04EC0-301F-11D3-BF4B-00C04F79EFBC}") = "7.ReverseDigitOfNumber", "7.ReverseDigitOfNumber\7.ReverseDigitOfNumber.csproj", "{EFFC87B4-2E10-4D35-BB7E-133999B31311}"
EndProject
Project("{FAE04EC0-301F-11D3-BF4B-00C04F79EFBC}") = "8.TwoPositiveIntegersAsArrayOfDigit", "8.TwoPositiveIntegersAsArrayOfDigit\8.TwoPositiveIntegersAsArrayOfDigit.csproj", "{6D460046-63FB-40BB-81B2-F9255445FA32}"
EndProject
Project("{FAE04EC0-301F-11D3-BF4B-00C04F79EFBC}") = "9.MaxElementInPortionOfArray", "9.MaxElementInPortionOfArray\9.MaxElementInPortionOfArray.csproj", "{7486ECC8-C12F-4995-A8BB-684B246374F6}"
EndProject
Project("{FAE04EC0-301F-11D3-BF4B-00C04F79EFBC}") = "13.MultifunctionalTask", "13.MultifunctionalTask\13.MultifunctionalTask.csproj", "{2C861EF5-6560-4294-ACA6-DC79B4DA351A}"
EndProject
Project("{FAE04EC0-301F-11D3-BF4B-00C04F79EFBC}") = "14.MinMaxAvrgSumProduct", "14.MinMaxAvrgSumProduct\14.MinMaxAvrgSumProduct.csproj", "{7704E2AA-B130-4113-9A09-C6323419C492}"
EndProject
Project("{FAE04EC0-301F-11D3-BF4B-00C04F79EFBC}") = "11.AddTwoPolinoms", "11.AddTwoPolinoms\11.AddTwoPolinoms.csproj", "{06930DC4-D025-4619-8886-420E2FE38FC7}"
EndProject
Project("{FAE04EC0-301F-11D3-BF4B-00C04F79EFBC}") = "12.SubtractionAndMultiplicationOfTwoPolinomials", "12.SubtractionAndMultiplicationOfTwoPolinomials\12.SubtractionAndMultiplicationOfTwoPolinomials.csproj", "{EE2FD434-59EF-4EA5-9A02-A995F6779155}"
EndProject
Project("{FAE04EC0-301F-11D3-BF4B-00C04F79EFBC}") = "10.CalculateN!", "10.CalculateN!\10.CalculateN!.csproj", "{4D098D30-95BB-4831-89B2-3CD56DDE8C9B}"
EndProject
Global
	GlobalSection(SolutionConfigurationPlatforms) = preSolution
		Debug|Any CPU = Debug|Any CPU
		Release|Any CPU = Release|Any CPU
	EndGlobalSection
	GlobalSection(ProjectConfigurationPlatforms) = postSolution
		{F91522BD-7CD3-4A09-9B07-69662CD057D6}.Debug|Any CPU.ActiveCfg = Debug|Any CPU
		{F91522BD-7CD3-4A09-9B07-69662CD057D6}.Debug|Any CPU.Build.0 = Debug|Any CPU
		{F91522BD-7CD3-4A09-9B07-69662CD057D6}.Release|Any CPU.ActiveCfg = Release|Any CPU
		{F91522BD-7CD3-4A09-9B07-69662CD057D6}.Release|Any CPU.Build.0 = Release|Any CPU
		{F2E69FA9-3044-4AF5-AC6E-D1CAF99C0609}.Debug|Any CPU.ActiveCfg = Debug|Any CPU
		{F2E69FA9-3044-4AF5-AC6E-D1CAF99C0609}.Debug|Any CPU.Build.0 = Debug|Any CPU
		{F2E69FA9-3044-4AF5-AC6E-D1CAF99C0609}.Release|Any CPU.ActiveCfg = Release|Any CPU
		{F2E69FA9-3044-4AF5-AC6E-D1CAF99C0609}.Release|Any CPU.Build.0 = Release|Any CPU
		{7346D467-AD60-422A-87F5-3ABC43783DE0}.Debug|Any CPU.ActiveCfg = Debug|Any CPU
		{7346D467-AD60-422A-87F5-3ABC43783DE0}.Debug|Any CPU.Build.0 = Debug|Any CPU
		{7346D467-AD60-422A-87F5-3ABC43783DE0}.Release|Any CPU.ActiveCfg = Release|Any CPU
		{7346D467-AD60-422A-87F5-3ABC43783DE0}.Release|Any CPU.Build.0 = Release|Any CPU
		{51B9A6E4-E286-4DE7-8F39-65D3B02DCF73}.Debug|Any CPU.ActiveCfg = Debug|Any CPU
		{51B9A6E4-E286-4DE7-8F39-65D3B02DCF73}.Debug|Any CPU.Build.0 = Debug|Any CPU
		{51B9A6E4-E286-4DE7-8F39-65D3B02DCF73}.Release|Any CPU.ActiveCfg = Release|Any CPU
		{51B9A6E4-E286-4DE7-8F39-65D3B02DCF73}.Release|Any CPU.Build.0 = Release|Any CPU
		{25D12103-8F75-4793-A2BF-D97065F2F11E}.Debug|Any CPU.ActiveCfg = Debug|Any CPU
		{25D12103-8F75-4793-A2BF-D97065F2F11E}.Debug|Any CPU.Build.0 = Debug|Any CPU
		{25D12103-8F75-4793-A2BF-D97065F2F11E}.Release|Any CPU.ActiveCfg = Release|Any CPU
		{25D12103-8F75-4793-A2BF-D97065F2F11E}.Release|Any CPU.Build.0 = Release|Any CPU
		{428BEA53-CC35-4C3A-AD73-C876C09B5E66}.Debug|Any CPU.ActiveCfg = Debug|Any CPU
		{428BEA53-CC35-4C3A-AD73-C876C09B5E66}.Debug|Any CPU.Build.0 = Debug|Any CPU
		{428BEA53-CC35-4C3A-AD73-C876C09B5E66}.Release|Any CPU.ActiveCfg = Release|Any CPU
		{428BEA53-CC35-4C3A-AD73-C876C09B5E66}.Release|Any CPU.Build.0 = Release|Any CPU
		{EFFC87B4-2E10-4D35-BB7E-133999B31311}.Debug|Any CPU.ActiveCfg = Debug|Any CPU
		{EFFC87B4-2E10-4D35-BB7E-133999B31311}.Debug|Any CPU.Build.0 = Debug|Any CPU
		{EFFC87B4-2E10-4D35-BB7E-133999B31311}.Release|Any CPU.ActiveCfg = Release|Any CPU
		{EFFC87B4-2E10-4D35-BB7E-133999B31311}.Release|Any CPU.Build.0 = Release|Any CPU
		{6D460046-63FB-40BB-81B2-F9255445FA32}.Debug|Any CPU.ActiveCfg = Debug|Any CPU
		{6D460046-63FB-40BB-81B2-F9255445FA32}.Debug|Any CPU.Build.0 = Debug|Any CPU
		{6D460046-63FB-40BB-81B2-F9255445FA32}.Release|Any CPU.ActiveCfg = Release|Any CPU
		{6D460046-63FB-40BB-81B2-F9255445FA32}.Release|Any CPU.Build.0 = Release|Any CPU
		{7486ECC8-C12F-4995-A8BB-684B246374F6}.Debug|Any CPU.ActiveCfg = Debug|Any CPU
		{7486ECC8-C12F-4995-A8BB-684B246374F6}.Debug|Any CPU.Build.0 = Debug|Any CPU
		{7486ECC8-C12F-4995-A8BB-684B246374F6}.Release|Any CPU.ActiveCfg = Release|Any CPU
		{7486ECC8-C12F-4995-A8BB-684B246374F6}.Release|Any CPU.Build.0 = Release|Any CPU
		{2C861EF5-6560-4294-ACA6-DC79B4DA351A}.Debug|Any CPU.ActiveCfg = Debug|Any CPU
		{2C861EF5-6560-4294-ACA6-DC79B4DA351A}.Debug|Any CPU.Build.0 = Debug|Any CPU
		{2C861EF5-6560-4294-ACA6-DC79B4DA351A}.Release|Any CPU.ActiveCfg = Release|Any CPU
		{2C861EF5-6560-4294-ACA6-DC79B4DA351A}.Release|Any CPU.Build.0 = Release|Any CPU
		{7704E2AA-B130-4113-9A09-C6323419C492}.Debug|Any CPU.ActiveCfg = Debug|Any CPU
		{7704E2AA-B130-4113-9A09-C6323419C492}.Debug|Any CPU.Build.0 = Debug|Any CPU
		{7704E2AA-B130-4113-9A09-C6323419C492}.Release|Any CPU.ActiveCfg = Release|Any CPU
		{7704E2AA-B130-4113-9A09-C6323419C492}.Release|Any CPU.Build.0 = Release|Any CPU
		{06930DC4-D025-4619-8886-420E2FE38FC7}.Debug|Any CPU.ActiveCfg = Debug|Any CPU
		{06930DC4-D025-4619-8886-420E2FE38FC7}.Debug|Any CPU.Build.0 = Debug|Any CPU
		{06930DC4-D025-4619-8886-420E2FE38FC7}.Release|Any CPU.ActiveCfg = Release|Any CPU
		{06930DC4-D025-4619-8886-420E2FE38FC7}.Release|Any CPU.Build.0 = Release|Any CPU
		{EE2FD434-59EF-4EA5-9A02-A995F6779155}.Debug|Any CPU.ActiveCfg = Debug|Any CPU
		{EE2FD434-59EF-4EA5-9A02-A995F6779155}.Debug|Any CPU.Build.0 = Debug|Any CPU
		{EE2FD434-59EF-4EA5-9A02-A995F6779155}.Release|Any CPU.ActiveCfg = Release|Any CPU
		{EE2FD434-59EF-4EA5-9A02-A995F6779155}.Release|Any CPU.Build.0 = Release|Any CPU
		{4D098D30-95BB-4831-89B2-3CD56DDE8C9B}.Debug|Any CPU.ActiveCfg = Debug|Any CPU
		{4D098D30-95BB-4831-89B2-3CD56DDE8C9B}.Debug|Any CPU.Build.0 = Debug|Any CPU
		{4D098D30-95BB-4831-89B2-3CD56DDE8C9B}.Release|Any CPU.ActiveCfg = Release|Any CPU
		{4D098D30-95BB-4831-89B2-3CD56DDE8C9B}.Release|Any CPU.Build.0 = Release|Any CPU
	EndGlobalSection
	GlobalSection(SolutionProperties) = preSolution
		HideSolutionNode = FALSE
	EndGlobalSection
EndGlobal
