
Microsoft Visual Studio Solution File, Format Version 12.00
# Visual Studio 2012
Project("{FAE04EC0-301F-11D3-BF4B-00C04F79EFBC}") = "DOM - Operations", "DOM - Operations\DOM - Operations.csproj", "{399DAB67-02D0-49FF-BB99-2AF36A07ACBE}"
EndProject
Global
	GlobalSection(SolutionConfigurationPlatforms) = preSolution
		Debug|Any CPU = Debug|Any CPU
		Release|Any CPU = Release|Any CPU
	EndGlobalSection
	GlobalSection(ProjectConfigurationPlatforms) = postSolution
		{399DAB67-02D0-49FF-BB99-2AF36A07ACBE}.Debug|Any CPU.ActiveCfg = Debug|Any CPU
		{399DAB67-02D0-49FF-BB99-2AF36A07ACBE}.Debug|Any CPU.Build.0 = Debug|Any CPU
		{399DAB67-02D0-49FF-BB99-2AF36A07ACBE}.Release|Any CPU.ActiveCfg = Release|Any CPU
		{399DAB67-02D0-49FF-BB99-2AF36A07ACBE}.Release|Any CPU.Build.0 = Release|Any CPU
	EndGlobalSection
	GlobalSection(SolutionProperties) = preSolution
		HideSolutionNode = FALSE
	EndGlobalSection
EndGlobal
