
Microsoft Visual Studio Solution File, Format Version 12.00
# Visual Studio 2012
Project("{FAE04EC0-301F-11D3-BF4B-00C04F79EFBC}") = "2.CatalogWithAlbums", "2.CatalogWithAlbums\2.CatalogWithAlbums.csproj", "{B0F6F29C-0EA3-463C-B2C3-E2CE5105DEC6}"
EndProject
Project("{FAE04EC0-301F-11D3-BF4B-00C04F79EFBC}") = "3.CatalogWithAlbumXPath", "3.CatalogWithAlbumXPath\3.CatalogWithAlbumXPath.csproj", "{0D456008-45AA-46B1-AD2E-F98BD67E6382}"
EndProject
Project("{FAE04EC0-301F-11D3-BF4B-00C04F79EFBC}") = "4.DeleteAlbum", "4.DeleteAlbum\4.DeleteAlbum.csproj", "{CB31421C-D07B-4DC0-BDD7-8E75E0EC91F7}"
EndProject
Project("{FAE04EC0-301F-11D3-BF4B-00C04F79EFBC}") = "5.ExtractSongTitles", "5.ExtractSongTitles\5.ExtractSongTitles.csproj", "{BE44B950-185F-43FE-840B-CEDCCD1AD25B}"
EndProject
Project("{FAE04EC0-301F-11D3-BF4B-00C04F79EFBC}") = "6.ExtractSongTitleLINQ", "6.ExtractSongTitleLINQ\6.ExtractSongTitleLINQ.csproj", "{76E459FC-AA4B-46DD-8EA0-2A8FC92036F4}"
EndProject
Project("{FAE04EC0-301F-11D3-BF4B-00C04F79EFBC}") = "1.Catalogue", "1.Catalogue\1.Catalogue.csproj", "{60BDAB4D-4A70-47ED-96EC-48B9ECD00A52}"
EndProject
Project("{FAE04EC0-301F-11D3-BF4B-00C04F79EFBC}") = "11.AlbumPrices", "11.AlbumPrices\11.AlbumPrices.csproj", "{10AAFE41-32BF-41E6-835A-CA62662080B6}"
EndProject
Global
	GlobalSection(SolutionConfigurationPlatforms) = preSolution
		Debug|Any CPU = Debug|Any CPU
		Release|Any CPU = Release|Any CPU
	EndGlobalSection
	GlobalSection(ProjectConfigurationPlatforms) = postSolution
		{B0F6F29C-0EA3-463C-B2C3-E2CE5105DEC6}.Debug|Any CPU.ActiveCfg = Debug|Any CPU
		{B0F6F29C-0EA3-463C-B2C3-E2CE5105DEC6}.Debug|Any CPU.Build.0 = Debug|Any CPU
		{B0F6F29C-0EA3-463C-B2C3-E2CE5105DEC6}.Release|Any CPU.ActiveCfg = Release|Any CPU
		{B0F6F29C-0EA3-463C-B2C3-E2CE5105DEC6}.Release|Any CPU.Build.0 = Release|Any CPU
		{0D456008-45AA-46B1-AD2E-F98BD67E6382}.Debug|Any CPU.ActiveCfg = Debug|Any CPU
		{0D456008-45AA-46B1-AD2E-F98BD67E6382}.Debug|Any CPU.Build.0 = Debug|Any CPU
		{0D456008-45AA-46B1-AD2E-F98BD67E6382}.Release|Any CPU.ActiveCfg = Release|Any CPU
		{0D456008-45AA-46B1-AD2E-F98BD67E6382}.Release|Any CPU.Build.0 = Release|Any CPU
		{CB31421C-D07B-4DC0-BDD7-8E75E0EC91F7}.Debug|Any CPU.ActiveCfg = Debug|Any CPU
		{CB31421C-D07B-4DC0-BDD7-8E75E0EC91F7}.Debug|Any CPU.Build.0 = Debug|Any CPU
		{CB31421C-D07B-4DC0-BDD7-8E75E0EC91F7}.Release|Any CPU.ActiveCfg = Release|Any CPU
		{CB31421C-D07B-4DC0-BDD7-8E75E0EC91F7}.Release|Any CPU.Build.0 = Release|Any CPU
		{BE44B950-185F-43FE-840B-CEDCCD1AD25B}.Debug|Any CPU.ActiveCfg = Debug|Any CPU
		{BE44B950-185F-43FE-840B-CEDCCD1AD25B}.Debug|Any CPU.Build.0 = Debug|Any CPU
		{BE44B950-185F-43FE-840B-CEDCCD1AD25B}.Release|Any CPU.ActiveCfg = Release|Any CPU
		{BE44B950-185F-43FE-840B-CEDCCD1AD25B}.Release|Any CPU.Build.0 = Release|Any CPU
		{76E459FC-AA4B-46DD-8EA0-2A8FC92036F4}.Debug|Any CPU.ActiveCfg = Debug|Any CPU
		{76E459FC-AA4B-46DD-8EA0-2A8FC92036F4}.Debug|Any CPU.Build.0 = Debug|Any CPU
		{76E459FC-AA4B-46DD-8EA0-2A8FC92036F4}.Release|Any CPU.ActiveCfg = Release|Any CPU
		{76E459FC-AA4B-46DD-8EA0-2A8FC92036F4}.Release|Any CPU.Build.0 = Release|Any CPU
		{60BDAB4D-4A70-47ED-96EC-48B9ECD00A52}.Debug|Any CPU.ActiveCfg = Debug|Any CPU
		{60BDAB4D-4A70-47ED-96EC-48B9ECD00A52}.Debug|Any CPU.Build.0 = Debug|Any CPU
		{60BDAB4D-4A70-47ED-96EC-48B9ECD00A52}.Release|Any CPU.ActiveCfg = Release|Any CPU
		{60BDAB4D-4A70-47ED-96EC-48B9ECD00A52}.Release|Any CPU.Build.0 = Release|Any CPU
		{10AAFE41-32BF-41E6-835A-CA62662080B6}.Debug|Any CPU.ActiveCfg = Debug|Any CPU
		{10AAFE41-32BF-41E6-835A-CA62662080B6}.Debug|Any CPU.Build.0 = Debug|Any CPU
		{10AAFE41-32BF-41E6-835A-CA62662080B6}.Release|Any CPU.ActiveCfg = Release|Any CPU
		{10AAFE41-32BF-41E6-835A-CA62662080B6}.Release|Any CPU.Build.0 = Release|Any CPU
	EndGlobalSection
	GlobalSection(SolutionProperties) = preSolution
		HideSolutionNode = FALSE
	EndGlobalSection
EndGlobal
