
Microsoft Visual Studio Solution File, Format Version 12.00
# Visual Studio 2012
Project("{FAE04EC0-301F-11D3-BF4B-00C04F79EFBC}") = "1.Cooking", "1.Cooking\1.Cooking.csproj", "{28856FCE-3860-41D9-A3DD-C6F1B465F9D0}"
EndProject
Project("{FAE04EC0-301F-11D3-BF4B-00C04F79EFBC}") = "2.MinAndMaxValue", "2.MinAndMaxValue\2.MinAndMaxValue.csproj", "{6A2450B8-AEA1-4DF3-882D-2ACACC3E7522}"
EndProject
Project("{FAE04EC0-301F-11D3-BF4B-00C04F79EFBC}") = "3.SearchValue", "3.SearchValue\3.SearchValue.csproj", "{06D665DD-686F-48A3-9213-E1CCEB035D52}"
EndProject
Global
	GlobalSection(SolutionConfigurationPlatforms) = preSolution
		Debug|Any CPU = Debug|Any CPU
		Release|Any CPU = Release|Any CPU
	EndGlobalSection
	GlobalSection(ProjectConfigurationPlatforms) = postSolution
		{28856FCE-3860-41D9-A3DD-C6F1B465F9D0}.Debug|Any CPU.ActiveCfg = Debug|Any CPU
		{28856FCE-3860-41D9-A3DD-C6F1B465F9D0}.Debug|Any CPU.Build.0 = Debug|Any CPU
		{28856FCE-3860-41D9-A3DD-C6F1B465F9D0}.Release|Any CPU.ActiveCfg = Release|Any CPU
		{28856FCE-3860-41D9-A3DD-C6F1B465F9D0}.Release|Any CPU.Build.0 = Release|Any CPU
		{6A2450B8-AEA1-4DF3-882D-2ACACC3E7522}.Debug|Any CPU.ActiveCfg = Debug|Any CPU
		{6A2450B8-AEA1-4DF3-882D-2ACACC3E7522}.Debug|Any CPU.Build.0 = Debug|Any CPU
		{6A2450B8-AEA1-4DF3-882D-2ACACC3E7522}.Release|Any CPU.ActiveCfg = Release|Any CPU
		{6A2450B8-AEA1-4DF3-882D-2ACACC3E7522}.Release|Any CPU.Build.0 = Release|Any CPU
		{06D665DD-686F-48A3-9213-E1CCEB035D52}.Debug|Any CPU.ActiveCfg = Debug|Any CPU
		{06D665DD-686F-48A3-9213-E1CCEB035D52}.Debug|Any CPU.Build.0 = Debug|Any CPU
		{06D665DD-686F-48A3-9213-E1CCEB035D52}.Release|Any CPU.ActiveCfg = Release|Any CPU
		{06D665DD-686F-48A3-9213-E1CCEB035D52}.Release|Any CPU.Build.0 = Release|Any CPU
	EndGlobalSection
	GlobalSection(SolutionProperties) = preSolution
		HideSolutionNode = FALSE
	EndGlobalSection
EndGlobal
