
Microsoft Visual Studio Solution File, Format Version 12.00
# Visual Studio 2012
Project("{FAE04EC0-301F-11D3-BF4B-00C04F79EFBC}") = "1.Dimensions", "1.Dimensions\1.Dimensions.csproj", "{0BB80588-EDCB-4BEC-80C2-27A591FF4462}"
EndProject
Project("{FAE04EC0-301F-11D3-BF4B-00C04F79EFBC}") = "2.PrintStatistics", "2.PrintStatistics\2.PrintStatistics.csproj", "{C20ACB16-4999-4B35-B262-9A6AF64E3B63}"
EndProject
Global
	GlobalSection(SolutionConfigurationPlatforms) = preSolution
		Debug|Any CPU = Debug|Any CPU
		Release|Any CPU = Release|Any CPU
	EndGlobalSection
	GlobalSection(ProjectConfigurationPlatforms) = postSolution
		{0BB80588-EDCB-4BEC-80C2-27A591FF4462}.Debug|Any CPU.ActiveCfg = Debug|Any CPU
		{0BB80588-EDCB-4BEC-80C2-27A591FF4462}.Debug|Any CPU.Build.0 = Debug|Any CPU
		{0BB80588-EDCB-4BEC-80C2-27A591FF4462}.Release|Any CPU.ActiveCfg = Release|Any CPU
		{0BB80588-EDCB-4BEC-80C2-27A591FF4462}.Release|Any CPU.Build.0 = Release|Any CPU
		{C20ACB16-4999-4B35-B262-9A6AF64E3B63}.Debug|Any CPU.ActiveCfg = Debug|Any CPU
		{C20ACB16-4999-4B35-B262-9A6AF64E3B63}.Debug|Any CPU.Build.0 = Debug|Any CPU
		{C20ACB16-4999-4B35-B262-9A6AF64E3B63}.Release|Any CPU.ActiveCfg = Release|Any CPU
		{C20ACB16-4999-4B35-B262-9A6AF64E3B63}.Release|Any CPU.Build.0 = Release|Any CPU
	EndGlobalSection
	GlobalSection(SolutionProperties) = preSolution
		HideSolutionNode = FALSE
	EndGlobalSection
EndGlobal
