
Microsoft Visual Studio Solution File, Format Version 12.00
# Visual Studio 2012
Project("{FAE04EC0-301F-11D3-BF4B-00C04F79EFBC}") = "HTML Templates - Handlebars", "HTML Templates - Handlebars\HTML Templates - Handlebars.csproj", "{6AA667F9-5C00-474C-AE0E-B36718BC984C}"
EndProject
Global
	GlobalSection(SolutionConfigurationPlatforms) = preSolution
		Debug|Any CPU = Debug|Any CPU
		Release|Any CPU = Release|Any CPU
	EndGlobalSection
	GlobalSection(ProjectConfigurationPlatforms) = postSolution
		{6AA667F9-5C00-474C-AE0E-B36718BC984C}.Debug|Any CPU.ActiveCfg = Debug|Any CPU
		{6AA667F9-5C00-474C-AE0E-B36718BC984C}.Debug|Any CPU.Build.0 = Debug|Any CPU
		{6AA667F9-5C00-474C-AE0E-B36718BC984C}.Release|Any CPU.ActiveCfg = Release|Any CPU
		{6AA667F9-5C00-474C-AE0E-B36718BC984C}.Release|Any CPU.Build.0 = Release|Any CPU
	EndGlobalSection
	GlobalSection(SolutionProperties) = preSolution
		HideSolutionNode = FALSE
	EndGlobalSection
EndGlobal
